
Microsoft Visual Studio Solution File, Format Version 12.00
# Visual Studio 15
VisualStudioVersion = 15.0.27130.2026
MinimumVisualStudioVersion = 10.0.40219.1
Project("{8BC9CEB8-8B4A-11D0-8D11-00A0C91BC942}") = "ZombieArena", "ZombieArena\ZombieArena.vcxproj", "{799AF370-E676-4FE7-8588-E4590BCB4E64}"
EndProject
Global
	GlobalSection(SolutionConfigurationPlatforms) = preSolution
		Debug|x64 = Debug|x64
		Debug|x86 = Debug|x86
		Release|x64 = Release|x64
		Release|x86 = Release|x86
	EndGlobalSection
	GlobalSection(ProjectConfigurationPlatforms) = postSolution
		{799AF370-E676-4FE7-8588-E4590BCB4E64}.Debug|x64.ActiveCfg = Debug|x64
		{799AF370-E676-4FE7-8588-E4590BCB4E64}.Debug|x64.Build.0 = Debug|x64
		{799AF370-E676-4FE7-8588-E4590BCB4E64}.Debug|x86.ActiveCfg = Debug|Win32
		{799AF370-E676-4FE7-8588-E4590BCB4E64}.Debug|x86.Build.0 = Debug|Win32
		{799AF370-E676-4FE7-8588-E4590BCB4E64}.Release|x64.ActiveCfg = Release|x64
		{799AF370-E676-4FE7-8588-E4590BCB4E64}.Release|x64.Build.0 = Release|x64
		{799AF370-E676-4FE7-8588-E4590BCB4E64}.Release|x86.ActiveCfg = Release|Win32
		{799AF370-E676-4FE7-8588-E4590BCB4E64}.Release|x86.Build.0 = Release|Win32
	EndGlobalSection
	GlobalSection(SolutionProperties) = preSolution
		HideSolutionNode = FALSE
	EndGlobalSection
	GlobalSection(ExtensibilityGlobals) = postSolution
		SolutionGuid = {07E6458E-C551-443B-A070-8FC90844FB71}
	EndGlobalSection
EndGlobal
